
Microsoft Visual Studio Solution File, Format Version 12.00
# Visual Studio Version 16
VisualStudioVersion = 16.0.29519.87
MinimumVisualStudioVersion = 10.0.40219.1
Project("{8BC9CEB8-8B4A-11D0-8D11-00A0C91BC942}") = "ShaderMandelbrot", "ShaderMandelbrot\ShaderMandelbrot.vcxproj", "{877511FD-9145-4D6C-89CB-52E3A0ED1BCA}"
EndProject
Global
	GlobalSection(SolutionConfigurationPlatforms) = preSolution
		Debug|x64 = Debug|x64
		Debug|x86 = Debug|x86
		Release|x64 = Release|x64
		Release|x86 = Release|x86
	EndGlobalSection
	GlobalSection(ProjectConfigurationPlatforms) = postSolution
		{877511FD-9145-4D6C-89CB-52E3A0ED1BCA}.Debug|x64.ActiveCfg = Debug|x64
		{877511FD-9145-4D6C-89CB-52E3A0ED1BCA}.Debug|x64.Build.0 = Debug|x64
		{877511FD-9145-4D6C-89CB-52E3A0ED1BCA}.Debug|x86.ActiveCfg = Debug|Win32
		{877511FD-9145-4D6C-89CB-52E3A0ED1BCA}.Debug|x86.Build.0 = Debug|Win32
		{877511FD-9145-4D6C-89CB-52E3A0ED1BCA}.Release|x64.ActiveCfg = Release|x64
		{877511FD-9145-4D6C-89CB-52E3A0ED1BCA}.Release|x64.Build.0 = Release|x64
		{877511FD-9145-4D6C-89CB-52E3A0ED1BCA}.Release|x86.ActiveCfg = Release|Win32
		{877511FD-9145-4D6C-89CB-52E3A0ED1BCA}.Release|x86.Build.0 = Release|Win32
	EndGlobalSection
	GlobalSection(SolutionProperties) = preSolution
		HideSolutionNode = FALSE
	EndGlobalSection
	GlobalSection(ExtensibilityGlobals) = postSolution
		SolutionGuid = {3AB36864-F5F0-41DF-8FFB-E71979C2725B}
	EndGlobalSection
EndGlobal
